Microsoft Visual Studio Solution File, Format Version 12.00
# Visual Studio Version 18
VisualStudioVersion = 18.9.12105.275
MinimumVisualStudioVersion = 10.0.40219.1
Project("{FAE04EC0-301F-11D3-BF4B-00C04F79EFBC}") = "OpenManage.Client", "CADShark.OpenManage.Client.csproj", "{1F68F41A-F560-400E-8AF1-4CC9A0EBC3FE}"
EndProject
Project("{FAE04EC0-301F-11D3-BF4B-00C04F79EFBC}") = "OpenManage.Client.Tests", "tests\OpenManage.Client.Tests\OpenManage.Client.Tests.csproj", "{B67A9245-57C8-4F76-8755-C66A81908520}"
EndProject
Project("{FAE04EC0-301F-11D3-BF4B-00C04F79EFBC}") = "Compatibility.Net48", "tests\Compatibility.Net48\Compatibility.Net48.csproj", "{F735440E-D9C4-4B1E-B9F4-9D0392F040E8}"
EndProject
Project("{FAE04EC0-301F-11D3-BF4B-00C04F79EFBC}") = "Compatibility.Net10", "tests\Compatibility.Net10\Compatibility.Net10.csproj", "{29A1713E-9EB1-4B57-A4B3-A8B7E1098DF0}"
EndProject
Project("{FAE04EC0-301F-11D3-BF4B-00C04F79EFBC}") = "OpenManage.SolidWorks.ConsoleStub", "samples\OpenManage.SolidWorks.ConsoleStub\OpenManage.SolidWorks.ConsoleStub.csproj", "{E40B2A10-8321-4A58-AE21-F48F47D93B39}"
EndProject
Global
	GlobalSection(SolutionConfigurationPlatforms) = preSolution
		Debug|Any CPU = Debug|Any CPU
		Release|Any CPU = Release|Any CPU
	EndGlobalSection
	GlobalSection(ProjectConfigurationPlatforms) = postSolution
		{1F68F41A-F560-400E-8AF1-4CC9A0EBC3FE}.Debug|Any CPU.ActiveCfg = Debug|Any CPU
		{1F68F41A-F560-400E-8AF1-4CC9A0EBC3FE}.Debug|Any CPU.Build.0 = Debug|Any CPU
		{1F68F41A-F560-400E-8AF1-4CC9A0EBC3FE}.Release|Any CPU.ActiveCfg = Release|Any CPU
		{1F68F41A-F560-400E-8AF1-4CC9A0EBC3FE}.Release|Any CPU.Build.0 = Release|Any CPU
		{B67A9245-57C8-4F76-8755-C66A81908520}.Debug|Any CPU.ActiveCfg = Debug|Any CPU
		{B67A9245-57C8-4F76-8755-C66A81908520}.Debug|Any CPU.Build.0 = Debug|Any CPU
		{B67A9245-57C8-4F76-8755-C66A81908520}.Release|Any CPU.ActiveCfg = Release|Any CPU
		{B67A9245-57C8-4F76-8755-C66A81908520}.Release|Any CPU.Build.0 = Release|Any CPU
		{F735440E-D9C4-4B1E-B9F4-9D0392F040E8}.Debug|Any CPU.ActiveCfg = Debug|Any CPU
		{F735440E-D9C4-4B1E-B9F4-9D0392F040E8}.Debug|Any CPU.Build.0 = Debug|Any CPU
		{F735440E-D9C4-4B1E-B9F4-9D0392F040E8}.Release|Any CPU.ActiveCfg = Release|Any CPU
		{F735440E-D9C4-4B1E-B9F4-9D0392F040E8}.Release|Any CPU.Build.0 = Release|Any CPU
		{29A1713E-9EB1-4B57-A4B3-A8B7E1098DF0}.Debug|Any CPU.ActiveCfg = Debug|Any CPU
		{29A1713E-9EB1-4B57-A4B3-A8B7E1098DF0}.Debug|Any CPU.Build.0 = Debug|Any CPU
		{29A1713E-9EB1-4B57-A4B3-A8B7E1098DF0}.Release|Any CPU.ActiveCfg = Release|Any CPU
		{29A1713E-9EB1-4B57-A4B3-A8B7E1098DF0}.Release|Any CPU.Build.0 = Release|Any CPU
		{E40B2A10-8321-4A58-AE21-F48F47D93B39}.Debug|Any CPU.ActiveCfg = Debug|Any CPU
		{E40B2A10-8321-4A58-AE21-F48F47D93B39}.Debug|Any CPU.Build.0 = Debug|Any CPU
		{E40B2A10-8321-4A58-AE21-F48F47D93B39}.Release|Any CPU.ActiveCfg = Release|Any CPU
		{E40B2A10-8321-4A58-AE21-F48F47D93B39}.Release|Any CPU.Build.0 = Release|Any CPU
	EndGlobalSection
	GlobalSection(SolutionProperties) = preSolution
		HideSolutionNode = FALSE
	EndGlobalSection
	GlobalSection(ExtensibilityGlobals) = postSolution
		SolutionGuid = {47A09EF6-2699-4EA1-87C6-AC8CF454EE15}
	EndGlobalSection
EndGlobal
