Microsoft Visual Studio Solution File, Format Version 12.00
# Visual Studio Version 18
VisualStudioVersion = 18.9.12105.275
MinimumVisualStudioVersion = 10.0.40219.1
Project("{FAE04EC0-301F-11D3-BF4B-00C04F79EFBC}") = "OpenManage.Client", "CADShark.OpenManage.Client.csproj", "{1F68F41A-F560-400E-8AF1-4CC9A0EBC3FE}"
EndProject
Project("{FAE04EC0-301F-11D3-BF4B-00C04F79EFBC}") = "OpenManage.Client.Tests", "tests\OpenManage.Client.Tests\OpenManage.Client.Tests.csproj", "{B67A9245-57C8-4F76-8755-C66A81908520}"
EndProject
Global
	GlobalSection(SolutionConfigurationPlatforms) = preSolution
		Debug|Any CPU = Debug|Any CPU
		Release|Any CPU = Release|Any CPU
	EndGlobalSection
	GlobalSection(ProjectConfigurationPlatforms) = postSolution
		{1F68F41A-F560-400E-8AF1-4CC9A0EBC3FE}.Debug|Any CPU.ActiveCfg = Debug|Any CPU
		{1F68F41A-F560-400E-8AF1-4CC9A0EBC3FE}.Debug|Any CPU.Build.0 = Debug|Any CPU
		{1F68F41A-F560-400E-8AF1-4CC9A0EBC3FE}.Release|Any CPU.ActiveCfg = Release|Any CPU
		{1F68F41A-F560-400E-8AF1-4CC9A0EBC3FE}.Release|Any CPU.Build.0 = Release|Any CPU
		{B67A9245-57C8-4F76-8755-C66A81908520}.Debug|Any CPU.ActiveCfg = Debug|Any CPU
		{B67A9245-57C8-4F76-8755-C66A81908520}.Debug|Any CPU.Build.0 = Debug|Any CPU
		{B67A9245-57C8-4F76-8755-C66A81908520}.Release|Any CPU.ActiveCfg = Release|Any CPU
		{B67A9245-57C8-4F76-8755-C66A81908520}.Release|Any CPU.Build.0 = Release|Any CPU
	EndGlobalSection
	GlobalSection(SolutionProperties) = preSolution
		HideSolutionNode = FALSE
	EndGlobalSection
	GlobalSection(ExtensibilityGlobals) = postSolution
		SolutionGuid = {47A09EF6-2699-4EA1-87C6-AC8CF454EE15}
	EndGlobalSection
EndGlobal
